
Microsoft Visual Studio Solution File, Format Version 12.00
# Visual Studio Version 17
VisualStudioVersion = 17.5.002.0
MinimumVisualStudioVersion = 10.0.40219.1
Project("{9A19103F-16F7-4668-BE54-9A1E7A4F7556}") = "arayuzler-ornek", "arayuzler-ornek.csproj", "{A799B003-ED9C-4B83-B351-1FC0295FCD91}"
EndProject
Global
	GlobalSection(SolutionConfigurationPlatforms) = preSolution
		Debug|Any CPU = Debug|Any CPU
		Release|Any CPU = Release|Any CPU
	EndGlobalSection
	GlobalSection(ProjectConfigurationPlatforms) = postSolution
		{A799B003-ED9C-4B83-B351-1FC0295FCD91}.Debug|Any CPU.ActiveCfg = Debug|Any CPU
		{A799B003-ED9C-4B83-B351-1FC0295FCD91}.Debug|Any CPU.Build.0 = Debug|Any CPU
		{A799B003-ED9C-4B83-B351-1FC0295FCD91}.Release|Any CPU.ActiveCfg = Release|Any CPU
		{A799B003-ED9C-4B83-B351-1FC0295FCD91}.Release|Any CPU.Build.0 = Release|Any CPU
	EndGlobalSection
	GlobalSection(SolutionProperties) = preSolution
		HideSolutionNode = FALSE
	EndGlobalSection
	GlobalSection(ExtensibilityGlobals) = postSolution
		SolutionGuid = {E6BC68D6-E210-4DC2-84F1-62E3C89E5915}
	EndGlobalSection
EndGlobal
